// !$*UTF8*$!
{
	archiveVersion = 1;
	classes = {
	};
	objectVersion = 46;
	objects = {

/* Begin PBXBuildFile section */
		85331A5E1CF3EFA70086BE54 /* AppDelegate.swift in Sources */ = {isa = PBXBuildFile; fileRef = 85331A5D1CF3EFA70086BE54 /* AppDelegate.swift */; };
		85331A601CF3EFA70086BE54 /* ViewController.swift in Sources */ = {isa = PBXBuildFile; fileRef = 85331A5F1CF3EFA70086BE54 /* ViewController.swift */; };
		85331A621CF3EFA70086BE54 /* Document.swift in Sources */ = {isa = PBXBuildFile; fileRef = 85331A611CF3EFA70086BE54 /* Document.swift */; };
		85331A641CF3EFA70086BE54 /* Assets.xcassets in Resources */ = {isa = PBXBuildFile; fileRef = 85331A631CF3EFA70086BE54 /* Assets.xcassets */; };
		85331A671CF3EFA70086BE54 /* Main.storyboard in Resources */ = {isa = PBXBuildFile; fileRef = 85331A651CF3EFA70086BE54 /* Main.storyboard */; };
		85331A8E1CF4B2430086BE54 /* TimerCore.swift in Sources */ = {isa = PBXBuildFile; fileRef = 85331A8D1CF4B2430086BE54 /* TimerCore.swift */; };
		85331A8F1CF4B2430086BE54 /* TimerCore.swift in Sources */ = {isa = PBXBuildFile; fileRef = 85331A8D1CF4B2430086BE54 /* TimerCore.swift */; };
		85331A911CF4B67A0086BE54 /* TomatoKitchenTimerTests.swift in Sources */ = {isa = PBXBuildFile; fileRef = 85331A711CF3EFA80086BE54 /* TomatoKitchenTimerTests.swift */; };
		85331A941CF4B9500086BE54 /* TomatoKitchenTimerUITests.swift in Sources */ = {isa = PBXBuildFile; fileRef = 85331A931CF4B9500086BE54 /* TomatoKitchenTimerUITests.swift */; };
		85331A971CF566A90086BE54 /* Gliss.mp3 in Resources */ = {isa = PBXBuildFile; fileRef = 85331A961CF566A90086BE54 /* Gliss.mp3 */; };
		85331A991CF568F70086BE54 /* AVFoundation.framework in Frameworks */ = {isa = PBXBuildFile; fileRef = 85331A981CF568F70086BE54 /* AVFoundation.framework */; };
		85331A9A1CF56D2C0086BE54 /* AVFoundation.framework in Frameworks */ = {isa = PBXBuildFile; fileRef = 85331A981CF568F70086BE54 /* AVFoundation.framework */; };
		85331A9F1CF6EB6D0086BE54 /* Alarm.mp3 in Resources */ = {isa = PBXBuildFile; fileRef = 85331A9B1CF6EB6D0086BE54 /* Alarm.mp3 */; };
		85331AA01CF6EB6D0086BE54 /* Banjo.mp3 in Resources */ = {isa = PBXBuildFile; fileRef = 85331A9C1CF6EB6D0086BE54 /* Banjo.mp3 */; };
		85331AA11CF6EB6D0086BE54 /* Dance 80s.mp3 in Resources */ = {isa = PBXBuildFile; fileRef = 85331A9D1CF6EB6D0086BE54 /* Dance 80s.mp3 */; };
		85331AA21CF6EB6D0086BE54 /* Rooster.mp3 in Resources */ = {isa = PBXBuildFile; fileRef = 85331A9E1CF6EB6D0086BE54 /* Rooster.mp3 */; };
		85331AA41CF6EB8D0086BE54 /* News.mp3 in Resources */ = {isa = PBXBuildFile; fileRef = 85331AA31CF6EB8D0086BE54 /* News.mp3 */; };
		85331AA61CF6EB9F0086BE54 /* Siren.mp3 in Resources */ = {isa = PBXBuildFile; fileRef = 85331AA51CF6EB9F0086BE54 /* Siren.mp3 */; };
		85331AA91CF6EDA00086BE54 /* PicButtonStart.png in Resources */ = {isa = PBXBuildFile; fileRef = 85331AA71CF6EDA00086BE54 /* PicButtonStart.png */; };
		85331AAA1CF6EDA00086BE54 /* PicButtonStop.png in Resources */ = {isa = PBXBuildFile; fileRef = 85331AA81CF6EDA00086BE54 /* PicButtonStop.png */; };
/* End PBXBuildFile section */

/* Begin PBXContainerItemProxy section */
		85331A6E1CF3EFA80086BE54 /* PBXContainerItemProxy */ = {
			isa = PBXContainerItemProxy;
			containerPortal = 85331A521CF3EFA70086BE54 /* Project object */;
			proxyType = 1;
			remoteGlobalIDString = 85331A591CF3EFA70086BE54;
			remoteInfo = BigTimer;
		};
		85331A791CF3EFA80086BE54 /* PBXContainerItemProxy */ = {
			isa = PBXContainerItemProxy;
			containerPortal = 85331A521CF3EFA70086BE54 /* Project object */;
			proxyType = 1;
			remoteGlobalIDString = 85331A591CF3EFA70086BE54;
			remoteInfo = BigTimer;
		};
/* End PBXContainerItemProxy section */

/* Begin PBXFileReference section */
		85331A5A1CF3EFA70086BE54 /* Scream Timer.app */ = {isa = PBXFileReference; explicitFileType = wrapper.application; includeInIndex = 0; path = "Scream Timer.app"; sourceTree = BUILT_PRODUCTS_DIR; };
		85331A5D1CF3EFA70086BE54 /* AppDelegate.swift */ = {isa = PBXFileReference; lastKnownFileType = sourcecode.swift; path = AppDelegate.swift; sourceTree = "<group>"; };
		85331A5F1CF3EFA70086BE54 /* ViewController.swift */ = {isa = PBXFileReference; lastKnownFileType = sourcecode.swift; path = ViewController.swift; sourceTree = "<group>"; };
		85331A611CF3EFA70086BE54 /* Document.swift */ = {isa = PBXFileReference; lastKnownFileType = sourcecode.swift; path = Document.swift; sourceTree = "<group>"; };
		85331A631CF3EFA70086BE54 /* Assets.xcassets */ = {isa = PBXFileReference; lastKnownFileType = folder.assetcatalog; path = Assets.xcassets; sourceTree = "<group>"; };
		85331A661CF3EFA70086BE54 /* Base */ = {isa = PBXFileReference; lastKnownFileType = file.storyboard; name = Base; path = Base.lproj/Main.storyboard; sourceTree = "<group>"; };
		85331A681CF3EFA70086BE54 /* Info.plist */ = {isa = PBXFileReference; lastKnownFileType = text.plist.xml; path = Info.plist; sourceTree = "<group>"; };
		85331A6D1CF3EFA80086BE54 /* Scream Timer.xctest */ = {isa = PBXFileReference; explicitFileType = wrapper.cfbundle; includeInIndex = 0; path = "Scream Timer.xctest"; sourceTree = BUILT_PRODUCTS_DIR; };
		85331A711CF3EFA80086BE54 /* TomatoKitchenTimerTests.swift */ = {isa = PBXFileReference; lastKnownFileType = sourcecode.swift; path = TomatoKitchenTimerTests.swift; sourceTree = "<group>"; };
		85331A731CF3EFA80086BE54 /* Info.plist */ = {isa = PBXFileReference; lastKnownFileType = text.plist.xml; path = Info.plist; sourceTree = "<group>"; };
		85331A781CF3EFA80086BE54 /* Scream Timer.xctest */ = {isa = PBXFileReference; explicitFileType = wrapper.cfbundle; includeInIndex = 0; path = "Scream Timer.xctest"; sourceTree = BUILT_PRODUCTS_DIR; };
		85331A7E1CF3EFA80086BE54 /* Info.plist */ = {isa = PBXFileReference; lastKnownFileType = text.plist.xml; path = Info.plist; sourceTree = "<group>"; };
		85331A8D1CF4B2430086BE54 /* TimerCore.swift */ = {isa = PBXFileReference; fileEncoding = 4; lastKnownFileType = sourcecode.swift; path = TimerCore.swift; sourceTree = "<group>"; };
		85331A921CF4B9500086BE54 /* TomatoKitchenTimerUITests-Bridging-Header.h */ = {isa = PBXFileReference; lastKnownFileType = sourcecode.c.h; path = "TomatoKitchenTimerUITests-Bridging-Header.h"; sourceTree = "<group>"; };
		85331A931CF4B9500086BE54 /* TomatoKitchenTimerUITests.swift */ = {isa = PBXFileReference; fileEncoding = 4; lastKnownFileType = sourcecode.swift; path = TomatoKitchenTimerUITests.swift; sourceTree = "<group>"; };
		85331A961CF566A90086BE54 /* Gliss.mp3 */ = {isa = PBXFileReference; lastKnownFileType = audio.mp3; path = Gliss.mp3; sourceTree = "<group>"; };
		85331A981CF568F70086BE54 /* AVFoundation.framework */ = {isa = PBXFileReference; lastKnownFileType = wrapper.framework; name = AVFoundation.framework; path = System/Library/Frameworks/AVFoundation.framework; sourceTree = SDKROOT; };
		85331A9B1CF6EB6D0086BE54 /* Alarm.mp3 */ = {isa = PBXFileReference; lastKnownFileType = audio.mp3; path = Alarm.mp3; sourceTree = "<group>"; };
		85331A9C1CF6EB6D0086BE54 /* Banjo.mp3 */ = {isa = PBXFileReference; lastKnownFileType = audio.mp3; path = Banjo.mp3; sourceTree = "<group>"; };
		85331A9D1CF6EB6D0086BE54 /* Dance 80s.mp3 */ = {isa = PBXFileReference; lastKnownFileType = audio.mp3; path = "Dance 80s.mp3"; sourceTree = "<group>"; };
		85331A9E1CF6EB6D0086BE54 /* Rooster.mp3 */ = {isa = PBXFileReference; lastKnownFileType = audio.mp3; path = Rooster.mp3; sourceTree = "<group>"; };
		85331AA31CF6EB8D0086BE54 /* News.mp3 */ = {isa = PBXFileReference; lastKnownFileType = audio.mp3; path = News.mp3; sourceTree = "<group>"; };
		85331AA51CF6EB9F0086BE54 /* Siren.mp3 */ = {isa = PBXFileReference; lastKnownFileType = audio.mp3; path = Siren.mp3; sourceTree = "<group>"; };
		85331AA71CF6EDA00086BE54 /* PicButtonStart.png */ = {isa = PBXFileReference; lastKnownFileType = image.png; path = PicButtonStart.png; sourceTree = "<group>"; };
		85331AA81CF6EDA00086BE54 /* PicButtonStop.png */ = {isa = PBXFileReference; lastKnownFileType = image.png; path = PicButtonStop.png; sourceTree = "<group>"; };
/* End PBXFileReference section */

/* Begin PBXFrameworksBuildPhase section */
		85331A571CF3EFA70086BE54 /* Frameworks */ = {
			isa = PBXFrameworksBuildPhase;
			buildActionMask = 2147483647;
			files = (
				85331A9A1CF56D2C0086BE54 /* AVFoundation.framework in Frameworks */,
			);
			runOnlyForDeploymentPostprocessing = 0;
		};
		85331A6A1CF3EFA80086BE54 /* Frameworks */ = {
			isa = PBXFrameworksBuildPhase;
			buildActionMask = 2147483647;
			files = (
			);
			runOnlyForDeploymentPostprocessing = 0;
		};
		85331A751CF3EFA80086BE54 /* Frameworks */ = {
			isa = PBXFrameworksBuildPhase;
			buildActionMask = 2147483647;
			files = (
				85331A991CF568F70086BE54 /* AVFoundation.framework in Frameworks */,
			);
			runOnlyForDeploymentPostprocessing = 0;
		};
/* End PBXFrameworksBuildPhase section */

/* Begin PBXGroup section */
		85331A511CF3EFA70086BE54 = {
			isa = PBXGroup;
			children = (
				85331A981CF568F70086BE54 /* AVFoundation.framework */,
				85331A5C1CF3EFA70086BE54 /* TomatoKitchenTimer */,
				85331A701CF3EFA80086BE54 /* TomatoKitchenTimerTests */,
				85331A7B1CF3EFA80086BE54 /* TomatoKitchenTimerUITests */,
				85331A5B1CF3EFA70086BE54 /* Products */,
			);
			sourceTree = "<group>";
		};
		85331A5B1CF3EFA70086BE54 /* Products */ = {
			isa = PBXGroup;
			children = (
				85331A5A1CF3EFA70086BE54 /* Scream Timer.app */,
				85331A6D1CF3EFA80086BE54 /* Scream Timer.xctest */,
				85331A781CF3EFA80086BE54 /* Scream Timer.xctest */,
			);
			name = Products;
			sourceTree = "<group>";
		};
		85331A5C1CF3EFA70086BE54 /* TomatoKitchenTimer */ = {
			isa = PBXGroup;
			children = (
				85331A951CF5668A0086BE54 /* Resources */,
				85331A5D1CF3EFA70086BE54 /* AppDelegate.swift */,
				85331A5F1CF3EFA70086BE54 /* ViewController.swift */,
				85331A611CF3EFA70086BE54 /* Document.swift */,
				85331A631CF3EFA70086BE54 /* Assets.xcassets */,
				85331A651CF3EFA70086BE54 /* Main.storyboard */,
				85331A681CF3EFA70086BE54 /* Info.plist */,
				85331A8D1CF4B2430086BE54 /* TimerCore.swift */,
			);
			path = TomatoKitchenTimer;
			sourceTree = "<group>";
		};
		85331A701CF3EFA80086BE54 /* TomatoKitchenTimerTests */ = {
			isa = PBXGroup;
			children = (
				85331A711CF3EFA80086BE54 /* TomatoKitchenTimerTests.swift */,
				85331A731CF3EFA80086BE54 /* Info.plist */,
			);
			path = TomatoKitchenTimerTests;
			sourceTree = "<group>";
		};
		85331A7B1CF3EFA80086BE54 /* TomatoKitchenTimerUITests */ = {
			isa = PBXGroup;
			children = (
				85331A7E1CF3EFA80086BE54 /* Info.plist */,
				85331A931CF4B9500086BE54 /* TomatoKitchenTimerUITests.swift */,
				85331A921CF4B9500086BE54 /* TomatoKitchenTimerUITests-Bridging-Header.h */,
			);
			path = TomatoKitchenTimerUITests;
			sourceTree = "<group>";
		};
		85331A951CF5668A0086BE54 /* Resources */ = {
			isa = PBXGroup;
			children = (
				85331AA71CF6EDA00086BE54 /* PicButtonStart.png */,
				85331AA81CF6EDA00086BE54 /* PicButtonStop.png */,
				85331AA51CF6EB9F0086BE54 /* Siren.mp3 */,
				85331AA31CF6EB8D0086BE54 /* News.mp3 */,
				85331A9B1CF6EB6D0086BE54 /* Alarm.mp3 */,
				85331A9C1CF6EB6D0086BE54 /* Banjo.mp3 */,
				85331A9D1CF6EB6D0086BE54 /* Dance 80s.mp3 */,
				85331A9E1CF6EB6D0086BE54 /* Rooster.mp3 */,
				85331A961CF566A90086BE54 /* Gliss.mp3 */,
			);
			name = Resources;
			sourceTree = "<group>";
		};
/* End PBXGroup section */

/* Begin PBXNativeTarget section */
		85331A591CF3EFA70086BE54 /* Scream Timer */ = {
			isa = PBXNativeTarget;
			buildConfigurationList = 85331A811CF3EFA80086BE54 /* Build configuration list for PBXNativeTarget "Scream Timer" */;
			buildPhases = (
				85331A561CF3EFA70086BE54 /* Sources */,
				85331A571CF3EFA70086BE54 /* Frameworks */,
				85331A581CF3EFA70086BE54 /* Resources */,
			);
			buildRules = (
			);
			dependencies = (
			);
			name = "Scream Timer";
			productName = BigTimer;
			productReference = 85331A5A1CF3EFA70086BE54 /* Scream Timer.app */;
			productType = "com.apple.product-type.application";
		};
		85331A6C1CF3EFA80086BE54 /* Scream TimerTests */ = {
			isa = PBXNativeTarget;
			buildConfigurationList = 85331A841CF3EFA80086BE54 /* Build configuration list for PBXNativeTarget "Scream TimerTests" */;
			buildPhases = (
				85331A691CF3EFA80086BE54 /* Sources */,
				85331A6A1CF3EFA80086BE54 /* Frameworks */,
				85331A6B1CF3EFA80086BE54 /* Resources */,
			);
			buildRules = (
			);
			dependencies = (
				85331A6F1CF3EFA80086BE54 /* PBXTargetDependency */,
			);
			name = "Scream TimerTests";
			productName = BigTimerTests;
			productReference = 85331A6D1CF3EFA80086BE54 /* Scream Timer.xctest */;
			productType = "com.apple.product-type.bundle.unit-test";
		};
		85331A771CF3EFA80086BE54 /* Scream TimerUITests */ = {
			isa = PBXNativeTarget;
			buildConfigurationList = 85331A871CF3EFA80086BE54 /* Build configuration list for PBXNativeTarget "Scream TimerUITests" */;
			buildPhases = (
				85331A741CF3EFA80086BE54 /* Sources */,
				85331A751CF3EFA80086BE54 /* Frameworks */,
				85331A761CF3EFA80086BE54 /* Resources */,
			);
			buildRules = (
			);
			dependencies = (
				85331A7A1CF3EFA80086BE54 /* PBXTargetDependency */,
			);
			name = "Scream TimerUITests";
			productName = BigTimerUITests;
			productReference = 85331A781CF3EFA80086BE54 /* Scream Timer.xctest */;
			productType = "com.apple.product-type.bundle.ui-testing";
		};
/* End PBXNativeTarget section */

/* Begin PBXProject section */
		85331A521CF3EFA70086BE54 /* Project object */ = {
			isa = PBXProject;
			attributes = {
				LastSwiftUpdateCheck = 0730;
				LastUpgradeCheck = 1310;
				ORGANIZATIONNAME = JackyShen;
				TargetAttributes = {
					85331A591CF3EFA70086BE54 = {
						CreatedOnToolsVersion = 7.3.1;
						LastSwiftMigration = 0810;
					};
					85331A6C1CF3EFA80086BE54 = {
						CreatedOnToolsVersion = 7.3.1;
						LastSwiftMigration = 0810;
						TestTargetID = 85331A591CF3EFA70086BE54;
					};
					85331A771CF3EFA80086BE54 = {
						CreatedOnToolsVersion = 7.3.1;
						LastSwiftMigration = 0810;
						TestTargetID = 85331A591CF3EFA70086BE54;
					};
				};
			};
			buildConfigurationList = 85331A551CF3EFA70086BE54 /* Build configuration list for PBXProject "TomatoKitchenTimer" */;
			compatibilityVersion = "Xcode 3.2";
			developmentRegion = en;
			hasScannedForEncodings = 0;
			knownRegions = (
				en,
				Base,
			);
			mainGroup = 85331A511CF3EFA70086BE54;
			productRefGroup = 85331A5B1CF3EFA70086BE54 /* Products */;
			projectDirPath = "";
			projectRoot = "";
			targets = (
				85331A591CF3EFA70086BE54 /* Scream Timer */,
				85331A6C1CF3EFA80086BE54 /* Scream TimerTests */,
				85331A771CF3EFA80086BE54 /* Scream TimerUITests */,
			);
		};
/* End PBXProject section */

/* Begin PBXResourcesBuildPhase section */
		85331A581CF3EFA70086BE54 /* Resources */ = {
			isa = PBXResourcesBuildPhase;
			buildActionMask = 2147483647;
			files = (
				85331AAA1CF6EDA00086BE54 /* PicButtonStop.png in Resources */,
				85331A9F1CF6EB6D0086BE54 /* Alarm.mp3 in Resources */,
				85331AA91CF6EDA00086BE54 /* PicButtonStart.png in Resources */,
				85331AA11CF6EB6D0086BE54 /* Dance 80s.mp3 in Resources */,
				85331A641CF3EFA70086BE54 /* Assets.xcassets in Resources */,
				85331AA41CF6EB8D0086BE54 /* News.mp3 in Resources */,
				85331AA21CF6EB6D0086BE54 /* Rooster.mp3 in Resources */,
				85331A971CF566A90086BE54 /* Gliss.mp3 in Resources */,
				85331A671CF3EFA70086BE54 /* Main.storyboard in Resources */,
				85331AA01CF6EB6D0086BE54 /* Banjo.mp3 in Resources */,
				85331AA61CF6EB9F0086BE54 /* Siren.mp3 in Resources */,
			);
			runOnlyForDeploymentPostprocessing = 0;
		};
		85331A6B1CF3EFA80086BE54 /* Resources */ = {
			isa = PBXResourcesBuildPhase;
			buildActionMask = 2147483647;
			files = (
			);
			runOnlyForDeploymentPostprocessing = 0;
		};
		85331A761CF3EFA80086BE54 /* Resources */ = {
			isa = PBXResourcesBuildPhase;
			buildActionMask = 2147483647;
			files = (
			);
			runOnlyForDeploymentPostprocessing = 0;
		};
/* End PBXResourcesBuildPhase section */

/* Begin PBXSourcesBuildPhase section */
		85331A561CF3EFA70086BE54 /* Sources */ = {
			isa = PBXSourcesBuildPhase;
			buildActionMask = 2147483647;
			files = (
				85331A8E1CF4B2430086BE54 /* TimerCore.swift in Sources */,
				85331A601CF3EFA70086BE54 /* ViewController.swift in Sources */,
				85331A5E1CF3EFA70086BE54 /* AppDelegate.swift in Sources */,
				85331A621CF3EFA70086BE54 /* Document.swift in Sources */,
			);
			runOnlyForDeploymentPostprocessing = 0;
		};
		85331A691CF3EFA80086BE54 /* Sources */ = {
			isa = PBXSourcesBuildPhase;
			buildActionMask = 2147483647;
			files = (
				85331A911CF4B67A0086BE54 /* TomatoKitchenTimerTests.swift in Sources */,
				85331A8F1CF4B2430086BE54 /* TimerCore.swift in Sources */,
			);
			runOnlyForDeploymentPostprocessing = 0;
		};
		85331A741CF3EFA80086BE54 /* Sources */ = {
			isa = PBXSourcesBuildPhase;
			buildActionMask = 2147483647;
			files = (
				85331A941CF4B9500086BE54 /* TomatoKitchenTimerUITests.swift in Sources */,
			);
			runOnlyForDeploymentPostprocessing = 0;
		};
/* End PBXSourcesBuildPhase section */

/* Begin PBXTargetDependency section */
		85331A6F1CF3EFA80086BE54 /* PBXTargetDependency */ = {
			isa = PBXTargetDependency;
			target = 85331A591CF3EFA70086BE54 /* Scream Timer */;
			targetProxy = 85331A6E1CF3EFA80086BE54 /* PBXContainerItemProxy */;
		};
		85331A7A1CF3EFA80086BE54 /* PBXTargetDependency */ = {
			isa = PBXTargetDependency;
			target = 85331A591CF3EFA70086BE54 /* Scream Timer */;
			targetProxy = 85331A791CF3EFA80086BE54 /* PBXContainerItemProxy */;
		};
/* End PBXTargetDependency section */

/* Begin PBXVariantGroup section */
		85331A651CF3EFA70086BE54 /* Main.storyboard */ = {
			isa = PBXVariantGroup;
			children = (
				85331A661CF3EFA70086BE54 /* Base */,
			);
			name = Main.storyboard;
			sourceTree = "<group>";
		};
/* End PBXVariantGroup section */

/* Begin XCBuildConfiguration section */
		85331A7F1CF3EFA80086BE54 /* Debug */ = {
			isa = XCBuildConfiguration;
			buildSettings = {
				ALWAYS_SEARCH_USER_PATHS = NO;
				CLANG_ANALYZER_LOCALIZABILITY_NONLOCALIZED = YES;
				CLANG_ANALYZER_NONNULL = YES;
				CLANG_CXX_LANGUAGE_STANDARD = "gnu++0x";
				CLANG_CXX_LIBRARY = "libc++";
				CLANG_ENABLE_MODULES = YES;
				CLANG_ENABLE_OBJC_ARC = YES;
				CLANG_WARN_BLOCK_CAPTURE_AUTORELEASING = YES;
				CLANG_WARN_BOOL_CONVERSION = YES;
				CLANG_WARN_COMMA = YES;
				CLANG_WARN_CONSTANT_CONVERSION = YES;
				CLANG_WARN_DEPRECATED_OBJC_IMPLEMENTATIONS = YES;
				CLANG_WARN_DIRECT_OBJC_ISA_USAGE = YES_ERROR;
				CLANG_WARN_EMPTY_BODY = YES;
				CLANG_WARN_ENUM_CONVERSION = YES;
				CLANG_WARN_INFINITE_RECURSION = YES;
				CLANG_WARN_INT_CONVERSION = YES;
				CLANG_WARN_NON_LITERAL_NULL_CONVERSION = YES;
				CLANG_WARN_OBJC_IMPLICIT_RETAIN_SELF = YES;
				CLANG_WARN_OBJC_LITERAL_CONVERSION = YES;
				CLANG_WARN_OBJC_ROOT_CLASS = YES_ERROR;
				CLANG_WARN_QUOTED_INCLUDE_IN_FRAMEWORK_HEADER = YES;
				CLANG_WARN_RANGE_LOOP_ANALYSIS = YES;
				CLANG_WARN_STRICT_PROTOTYPES = YES;
				CLANG_WARN_SUSPICIOUS_MOVE = YES;
				CLANG_WARN_UNREACHABLE_CODE = YES;
				CLANG_WARN__DUPLICATE_METHOD_MATCH = YES;
				CODE_SIGN_IDENTITY = "-";
				COPY_PHASE_STRIP = NO;
				DEBUG_INFORMATION_FORMAT = dwarf;
				ENABLE_STRICT_OBJC_MSGSEND = YES;
				ENABLE_TESTABILITY = YES;
				GCC_C_LANGUAGE_STANDARD = gnu99;
				GCC_DYNAMIC_NO_PIC = NO;
				GCC_NO_COMMON_BLOCKS = YES;
				GCC_OPTIMIZATION_LEVEL = 0;
				GCC_PREPROCESSOR_DEFINITIONS = (
					"DEBUG=1",
					"$(inherited)",
				);
				GCC_WARN_64_TO_32_BIT_CONVERSION = YES;
				GCC_WARN_ABOUT_RETURN_TYPE = YES_ERROR;
				GCC_WARN_UNDECLARED_SELECTOR = YES;
				GCC_WARN_UNINITIALIZED_AUTOS = YES_AGGRESSIVE;
				GCC_WARN_UNUSED_FUNCTION = YES;
				GCC_WARN_UNUSED_VARIABLE = YES;
				MACOSX_DEPLOYMENT_TARGET = 10.11;
				MTL_ENABLE_DEBUG_INFO = YES;
				ONLY_ACTIVE_ARCH = YES;
				SDKROOT = macosx;
				SWIFT_OPTIMIZATION_LEVEL = "-Onone";
			};
			name = Debug;
		};
		85331A801CF3EFA80086BE54 /* Release */ = {
			isa = XCBuildConfiguration;
			buildSettings = {
				ALWAYS_SEARCH_USER_PATHS = NO;
				CLANG_ANALYZER_LOCALIZABILITY_NONLOCALIZED = YES;
				CLANG_ANALYZER_NONNULL = YES;
				CLANG_CXX_LANGUAGE_STANDARD = "gnu++0x";
				CLANG_CXX_LIBRARY = "libc++";
				CLANG_ENABLE_MODULES = YES;
				CLANG_ENABLE_OBJC_ARC = YES;
				CLANG_WARN_BLOCK_CAPTURE_AUTORELEASING = YES;
				CLANG_WARN_BOOL_CONVERSION = YES;
				CLANG_WARN_COMMA = YES;
				CLANG_WARN_CONSTANT_CONVERSION = YES;
				CLANG_WARN_DEPRECATED_OBJC_IMPLEMENTATIONS = YES;
				CLANG_WARN_DIRECT_OBJC_ISA_USAGE = YES_ERROR;
				CLANG_WARN_EMPTY_BODY = YES;
				CLANG_WARN_ENUM_CONVERSION = YES;
				CLANG_WARN_INFINITE_RECURSION = YES;
				CLANG_WARN_INT_CONVERSION = YES;
				CLANG_WARN_NON_LITERAL_NULL_CONVERSION = YES;
				CLANG_WARN_OBJC_IMPLICIT_RETAIN_SELF = YES;
				CLANG_WARN_OBJC_LITERAL_CONVERSION = YES;
				CLANG_WARN_OBJC_ROOT_CLASS = YES_ERROR;
				CLANG_WARN_QUOTED_INCLUDE_IN_FRAMEWORK_HEADER = YES;
				CLANG_WARN_RANGE_LOOP_ANALYSIS = YES;
				CLANG_WARN_STRICT_PROTOTYPES = YES;
				CLANG_WARN_SUSPICIOUS_MOVE = YES;
				CLANG_WARN_UNREACHABLE_CODE = YES;
				CLANG_WARN__DUPLICATE_METHOD_MATCH = YES;
				CODE_SIGN_IDENTITY = "-";
				COPY_PHASE_STRIP = NO;
				DEBUG_INFORMATION_FORMAT = "dwarf-with-dsym";
				ENABLE_NS_ASSERTIONS = NO;
				ENABLE_STRICT_OBJC_MSGSEND = YES;
				GCC_C_LANGUAGE_STANDARD = gnu99;
				GCC_NO_COMMON_BLOCKS = YES;
				GCC_WARN_64_TO_32_BIT_CONVERSION = YES;
				GCC_WARN_ABOUT_RETURN_TYPE = YES_ERROR;
				GCC_WARN_UNDECLARED_SELECTOR = YES;
				GCC_WARN_UNINITIALIZED_AUTOS = YES_AGGRESSIVE;
				GCC_WARN_UNUSED_FUNCTION = YES;
				GCC_WARN_UNUSED_VARIABLE = YES;
				MACOSX_DEPLOYMENT_TARGET = 10.11;
				MTL_ENABLE_DEBUG_INFO = NO;
				SDKROOT = macosx;
				SWIFT_OPTIMIZATION_LEVEL = "-Owholemodule";
			};
			name = Release;
		};
		85331A821CF3EFA80086BE54 /* Debug */ = {
			isa = XCBuildConfiguration;
			buildSettings = {
				ASSETCATALOG_COMPILER_APPICON_NAME = AppIcon;
				CODE_SIGN_IDENTITY = "-";
				COMBINE_HIDPI_IMAGES = YES;
				INFOPLIST_FILE = TomatoKitchenTimer/Info.plist;
				LD_RUNPATH_SEARCH_PATHS = "$(inherited) @executable_path/../Frameworks";
				MACOSX_DEPLOYMENT_TARGET = 10.15;
				PRODUCT_BUNDLE_IDENTIFIER = com.mebusw.TomatoKitchenTimer;
				PRODUCT_NAME = "Scream Timer";
				SWIFT_VERSION = 5.0;
			};
			name = Debug;
		};
		85331A831CF3EFA80086BE54 /* Release */ = {
			isa = XCBuildConfiguration;
			buildSettings = {
				ASSETCATALOG_COMPILER_APPICON_NAME = AppIcon;
				CODE_SIGN_IDENTITY = "-";
				COMBINE_HIDPI_IMAGES = YES;
				INFOPLIST_FILE = TomatoKitchenTimer/Info.plist;
				LD_RUNPATH_SEARCH_PATHS = "$(inherited) @executable_path/../Frameworks";
				MACOSX_DEPLOYMENT_TARGET = 10.15;
				PRODUCT_BUNDLE_IDENTIFIER = com.mebusw.TomatoKitchenTimer;
				PRODUCT_NAME = "Scream Timer";
				SWIFT_VERSION = 5.0;
			};
			name = Release;
		};
		85331A851CF3EFA80086BE54 /* Debug */ = {
			isa = XCBuildConfiguration;
			buildSettings = {
				BUNDLE_LOADER = "$(TEST_HOST)";
				COMBINE_HIDPI_IMAGES = YES;
				INFOPLIST_FILE = TomatoKitchenTimerTests/Info.plist;
				LD_RUNPATH_SEARCH_PATHS = "$(inherited) @executable_path/../Frameworks @loader_path/../Frameworks";
				PRODUCT_BUNDLE_IDENTIFIER = com.mebusw.TomatoKitchenTimerTests;
				PRODUCT_NAME = "Scream Timer";
				SWIFT_VERSION = 3.0;
				TEST_HOST = "$(BUILT_PRODUCTS_DIR)/Scream Timer.app/Contents/MacOS/Scream Timer";
			};
			name = Debug;
		};
		85331A861CF3EFA80086BE54 /* Release */ = {
			isa = XCBuildConfiguration;
			buildSettings = {
				BUNDLE_LOADER = "$(TEST_HOST)";
				COMBINE_HIDPI_IMAGES = YES;
				INFOPLIST_FILE = TomatoKitchenTimerTests/Info.plist;
				LD_RUNPATH_SEARCH_PATHS = "$(inherited) @executable_path/../Frameworks @loader_path/../Frameworks";
				PRODUCT_BUNDLE_IDENTIFIER = com.mebusw.TomatoKitchenTimerTests;
				PRODUCT_NAME = "Scream Timer";
				SWIFT_VERSION = 3.0;
				TEST_HOST = "$(BUILT_PRODUCTS_DIR)/Scream Timer.app/Contents/MacOS/Scream Timer";
			};
			name = Release;
		};
		85331A881CF3EFA80086BE54 /* Debug */ = {
			isa = XCBuildConfiguration;
			buildSettings = {
				CLANG_ENABLE_MODULES = YES;
				COMBINE_HIDPI_IMAGES = YES;
				INFOPLIST_FILE = TomatoKitchenTimerUITests/Info.plist;
				LD_RUNPATH_SEARCH_PATHS = "$(inherited) @executable_path/../Frameworks @loader_path/../Frameworks";
				PRODUCT_BUNDLE_IDENTIFIER = com.mebusw.TomatoKitchenTimerUITests;
				PRODUCT_NAME = "Scream Timer";
				SWIFT_OBJC_BRIDGING_HEADER = "TomatoKitchenTimerUITests/TomatoKitchenTimerUITests-Bridging-Header.h";
				SWIFT_OPTIMIZATION_LEVEL = "-Onone";
				SWIFT_VERSION = 3.0;
				TEST_TARGET_NAME = TomatoKitchenTimer;
			};
			name = Debug;
		};
		85331A891CF3EFA80086BE54 /* Release */ = {
			isa = XCBuildConfiguration;
			buildSettings = {
				CLANG_ENABLE_MODULES = YES;
				COMBINE_HIDPI_IMAGES = YES;
				INFOPLIST_FILE = TomatoKitchenTimerUITests/Info.plist;
				LD_RUNPATH_SEARCH_PATHS = "$(inherited) @executable_path/../Frameworks @loader_path/../Frameworks";
				PRODUCT_BUNDLE_IDENTIFIER = com.mebusw.TomatoKitchenTimerUITests;
				PRODUCT_NAME = "Scream Timer";
				SWIFT_OBJC_BRIDGING_HEADER = "TomatoKitchenTimerUITests/TomatoKitchenTimerUITests-Bridging-Header.h";
				SWIFT_VERSION = 3.0;
				TEST_TARGET_NAME = TomatoKitchenTimer;
			};
			name = Release;
		};
/* End XCBuildConfiguration section */

/* Begin XCConfigurationList section */
		85331A551CF3EFA70086BE54 /* Build configuration list for PBXProject "TomatoKitchenTimer" */ = {
			isa = XCConfigurationList;
			buildConfigurations = (
				85331A7F1CF3EFA80086BE54 /* Debug */,
				85331A801CF3EFA80086BE54 /* Release */,
			);
			defaultConfigurationIsVisible = 0;
			defaultConfigurationName = Release;
		};
		85331A811CF3EFA80086BE54 /* Build configuration list for PBXNativeTarget "Scream Timer" */ = {
			isa = XCConfigurationList;
			buildConfigurations = (
				85331A821CF3EFA80086BE54 /* Debug */,
				85331A831CF3EFA80086BE54 /* Release */,
			);
			defaultConfigurationIsVisible = 0;
			defaultConfigurationName = Release;
		};
		85331A841CF3EFA80086BE54 /* Build configuration list for PBXNativeTarget "Scream TimerTests" */ = {
			isa = XCConfigurationList;
			buildConfigurations = (
				85331A851CF3EFA80086BE54 /* Debug */,
				85331A861CF3EFA80086BE54 /* Release */,
			);
			defaultConfigurationIsVisible = 0;
			defaultConfigurationName = Release;
		};
		85331A871CF3EFA80086BE54 /* Build configuration list for PBXNativeTarget "Scream TimerUITests" */ = {
			isa = XCConfigurationList;
			buildConfigurations = (
				85331A881CF3EFA80086BE54 /* Debug */,
				85331A891CF3EFA80086BE54 /* Release */,
			);
			defaultConfigurationIsVisible = 0;
			defaultConfigurationName = Release;
		};
/* End XCConfigurationList section */
	};
	rootObject = 85331A521CF3EFA70086BE54 /* Project object */;
}
